
Microsoft Visual Studio Solution File, Format Version 12.00
# Visual Studio Version 17
VisualStudioVersion = 17.14.36203.30
MinimumVisualStudioVersion = 10.0.40219.1
Project("{FAE04EC0-301F-11D3-BF4B-00C04F79EFBC}") = "ShoppingCartExam", "ShoppingCartExam\ShoppingCartExam.csproj", "{C59015E0-E1B6-4D7E-A2DD-B4E35E6BA087}"
EndProject
Project("{FAE04EC0-301F-11D3-BF4B-00C04F79EFBC}") = "ShoppingCartExam.Tests", "ShoppingCartExam.Tests\ShoppingCartExam.Tests.csproj", "{7D04B499-D002-DC88-47AC-270B299ED6E2}"
EndProject
Global
	GlobalSection(SolutionConfigurationPlatforms) = preSolution
		Debug|Any CPU = Debug|Any CPU
		Release|Any CPU = Release|Any CPU
	EndGlobalSection
	GlobalSection(ProjectConfigurationPlatforms) = postSolution
		{C59015E0-E1B6-4D7E-A2DD-B4E35E6BA087}.Debug|Any CPU.ActiveCfg = Debug|Any CPU
		{C59015E0-E1B6-4D7E-A2DD-B4E35E6BA087}.Debug|Any CPU.Build.0 = Debug|Any CPU
		{C59015E0-E1B6-4D7E-A2DD-B4E35E6BA087}.Release|Any CPU.ActiveCfg = Release|Any CPU
		{C59015E0-E1B6-4D7E-A2DD-B4E35E6BA087}.Release|Any CPU.Build.0 = Release|Any CPU
		{7D04B499-D002-DC88-47AC-270B299ED6E2}.Debug|Any CPU.ActiveCfg = Debug|Any CPU
		{7D04B499-D002-DC88-47AC-270B299ED6E2}.Debug|Any CPU.Build.0 = Debug|Any CPU
		{7D04B499-D002-DC88-47AC-270B299ED6E2}.Release|Any CPU.ActiveCfg = Release|Any CPU
		{7D04B499-D002-DC88-47AC-270B299ED6E2}.Release|Any CPU.Build.0 = Release|Any CPU
	EndGlobalSection
	GlobalSection(SolutionProperties) = preSolution
		HideSolutionNode = FALSE
	EndGlobalSection
	GlobalSection(ExtensibilityGlobals) = postSolution
		SolutionGuid = {3774918D-65B6-451E-BD15-8A5974562879}
	EndGlobalSection
EndGlobal
